// !$*UTF8*$!
{
	archiveVersion = 1;
	classes = {
	};
	objectVersion = 46;
	objects = {

/* Begin PBXBuildFile section */
		4802C4821F007B4A0044A4BE /* AppDelegate.swift in Sources */ = {isa = PBXBuildFile; fileRef = 4802C4811F007B4A0044A4BE /* AppDelegate.swift */; };
		4802C4841F007B4A0044A4BE /* ViewController.swift in Sources */ = {isa = PBXBuildFile; fileRef = 4802C4831F007B4A0044A4BE /* ViewController.swift */; };
		4802C4871F007B4A0044A4BE /* Main.storyboard in Resources */ = {isa = PBXBuildFile; fileRef = 4802C4851F007B4A0044A4BE /* Main.storyboard */; };
		4802C4891F007B4A0044A4BE /* Assets.xcassets in Resources */ = {isa = PBXBuildFile; fileRef = 4802C4881F007B4A0044A4BE /* Assets.xcassets */; };
		4802C48C1F007B4A0044A4BE /* LaunchScreen.storyboard in Resources */ = {isa = PBXBuildFile; fileRef = 4802C48A1F007B4A0044A4BE /* LaunchScreen.storyboard */; };
		48D5B9AD1F0EED86006D3C46 /* DeviceCell.swift in Sources */ = {isa = PBXBuildFile; fileRef = 48D5B9AB1F0EED86006D3C46 /* DeviceCell.swift */; };
/* End PBXBuildFile section */

/* Begin PBXFileReference section */
		4802C47E1F007B4A0044A4BE /* bLE.app */ = {isa = PBXFileReference; explicitFileType = wrapper.application; includeInIndex = 0; path = bLE.app; sourceTree = BUILT_PRODUCTS_DIR; };
		4802C4811F007B4A0044A4BE /* AppDelegate.swift */ = {isa = PBXFileReference; lastKnownFileType = sourcecode.swift; path = AppDelegate.swift; sourceTree = "<group>"; };
		4802C4831F007B4A0044A4BE /* ViewController.swift */ = {isa = PBXFileReference; lastKnownFileType = sourcecode.swift; path = ViewController.swift; sourceTree = "<group>"; };
		4802C4861F007B4A0044A4BE /* Base */ = {isa = PBXFileReference; lastKnownFileType = file.storyboard; name = Base; path = Base.lproj/Main.storyboard; sourceTree = "<group>"; };
		4802C4881F007B4A0044A4BE /* Assets.xcassets */ = {isa = PBXFileReference; lastKnownFileType = folder.assetcatalog; path = Assets.xcassets; sourceTree = "<group>"; };
		4802C48B1F007B4A0044A4BE /* Base */ = {isa = PBXFileReference; lastKnownFileType = file.storyboard; name = Base; path = Base.lproj/LaunchScreen.storyboard; sourceTree = "<group>"; };
		4802C48D1F007B4A0044A4BE /* Info.plist */ = {isa = PBXFileReference; lastKnownFileType = text.plist.xml; path = Info.plist; sourceTree = "<group>"; };
		48D5B9AB1F0EED86006D3C46 /* DeviceCell.swift */ = {isa = PBXFileReference; fileEncoding = 4; lastKnownFileType = sourcecode.swift; path = DeviceCell.swift; sourceTree = "<group>"; };
/* End PBXFileReference section */

/* Begin PBXFrameworksBuildPhase section */
		4802C47B1F007B4A0044A4BE /* Frameworks */ = {
			isa = PBXFrameworksBuildPhase;
			buildActionMask = 2147483647;
			files = (
			);
			runOnlyForDeploymentPostprocessing = 0;
		};
/* End PBXFrameworksBuildPhase section */

/* Begin PBXGroup section */
		4802C4751F007B4A0044A4BE = {
			isa = PBXGroup;
			children = (
				4802C4801F007B4A0044A4BE /* bLE */,
				4802C47F1F007B4A0044A4BE /* Products */,
			);
			sourceTree = "<group>";
		};
		4802C47F1F007B4A0044A4BE /* Products */ = {
			isa = PBXGroup;
			children = (
				4802C47E1F007B4A0044A4BE /* bLE.app */,
			);
			name = Products;
			sourceTree = "<group>";
		};
		4802C4801F007B4A0044A4BE /* bLE */ = {
			isa = PBXGroup;
			children = (
				4802C4811F007B4A0044A4BE /* AppDelegate.swift */,
				4802C4831F007B4A0044A4BE /* ViewController.swift */,
				4802C4851F007B4A0044A4BE /* Main.storyboard */,
				48D5B9AB1F0EED86006D3C46 /* DeviceCell.swift */,
				4802C4881F007B4A0044A4BE /* Assets.xcassets */,
				4802C48A1F007B4A0044A4BE /* LaunchScreen.storyboard */,
				4802C48D1F007B4A0044A4BE /* Info.plist */,
			);
			path = bLE;
			sourceTree = "<group>";
		};
/* End PBXGroup section */

/* Begin PBXNativeTarget section */
		4802C47D1F007B4A0044A4BE /* bLE */ = {
			isa = PBXNativeTarget;
			buildConfigurationList = 4802C4901F007B4A0044A4BE /* Build configuration list for PBXNativeTarget "bLE" */;
			buildPhases = (
				4802C47A1F007B4A0044A4BE /* Sources */,
				4802C47B1F007B4A0044A4BE /* Frameworks */,
				4802C47C1F007B4A0044A4BE /* Resources */,
			);
			buildRules = (
			);
			dependencies = (
			);
			name = bLE;
			productName = bLE;
			productReference = 4802C47E1F007B4A0044A4BE /* bLE.app */;
			productType = "com.apple.product-type.application";
		};
/* End PBXNativeTarget section */

/* Begin PBXProject section */
		4802C4761F007B4A0044A4BE /* Project object */ = {
			isa = PBXProject;
			attributes = {
				LastSwiftUpdateCheck = 0830;
				LastUpgradeCheck = 0830;
				ORGANIZATIONNAME = Govardhan;
				TargetAttributes = {
					4802C47D1F007B4A0044A4BE = {
						CreatedOnToolsVersion = 8.3.3;
						DevelopmentTeam = N4FU4A3L3Z;
						ProvisioningStyle = Automatic;
					};
				};
			};
			buildConfigurationList = 4802C4791F007B4A0044A4BE /* Build configuration list for PBXProject "bLE" */;
			compatibilityVersion = "Xcode 3.2";
			developmentRegion = English;
			hasScannedForEncodings = 0;
			knownRegions = (
				en,
				Base,
			);
			mainGroup = 4802C4751F007B4A0044A4BE;
			productRefGroup = 4802C47F1F007B4A0044A4BE /* Products */;
			projectDirPath = "";
			projectRoot = "";
			targets = (
				4802C47D1F007B4A0044A4BE /* bLE */,
			);
		};
/* End PBXProject section */

/* Begin PBXResourcesBuildPhase section */
		4802C47C1F007B4A0044A4BE /* Resources */ = {
			isa = PBXResourcesBuildPhase;
			buildActionMask = 2147483647;
			files = (
				4802C48C1F007B4A0044A4BE /* LaunchScreen.storyboard in Resources */,
				4802C4891F007B4A0044A4BE /* Assets.xcassets in Resources */,
				4802C4871F007B4A0044A4BE /* Main.storyboard in Resources */,
			);
			runOnlyForDeploymentPostprocessing = 0;
		};
/* End PBXResourcesBuildPhase section */

/* Begin PBXSourcesBuildPhase section */
		4802C47A1F007B4A0044A4BE /* Sources */ = {
			isa = PBXSourcesBuildPhase;
			buildActionMask = 2147483647;
			files = (
				4802C4841F007B4A0044A4BE /* ViewController.swift in Sources */,
				4802C4821F007B4A0044A4BE /* AppDelegate.swift in Sources */,
				48D5B9AD1F0EED86006D3C46 /* DeviceCell.swift in Sources */,
			);
			runOnlyForDeploymentPostprocessing = 0;
		};
/* End PBXSourcesBuildPhase section */

/* Begin PBXVariantGroup section */
		4802C4851F007B4A0044A4BE /* Main.storyboard */ = {
			isa = PBXVariantGroup;
			children = (
				4802C4861F007B4A0044A4BE /* Base */,
			);
			name = Main.storyboard;
			sourceTree = "<group>";
		};
		4802C48A1F007B4A0044A4BE /* LaunchScreen.storyboard */ = {
			isa = PBXVariantGroup;
			children = (
				4802C48B1F007B4A0044A4BE /* Base */,
			);
			name = LaunchScreen.storyboard;
			sourceTree = "<group>";
		};
/* End PBXVariantGroup section */

/* Begin XCBuildConfiguration section */
		4802C48E1F007B4A0044A4BE /* Debug */ = {
			isa = XCBuildConfiguration;
			buildSettings = {
				ALWAYS_SEARCH_USER_PATHS = NO;
				CLANG_ANALYZER_NONNULL = YES;
				CLANG_ANALYZER_NUMBER_OBJECT_CONVERSION = YES_AGGRESSIVE;
				CLANG_CXX_LANGUAGE_STANDARD = "gnu++0x";
				CLANG_CXX_LIBRARY = "libc++";
				CLANG_ENABLE_MODULES = YES;
				CLANG_ENABLE_OBJC_ARC = YES;
				CLANG_WARN_BOOL_CONVERSION = YES;
				CLANG_WARN_CONSTANT_CONVERSION = YES;
				CLANG_WARN_DIRECT_OBJC_ISA_USAGE = YES_ERROR;
				CLANG_WARN_DOCUMENTATION_COMMENTS = YES;
				CLANG_WARN_EMPTY_BODY = YES;
				CLANG_WARN_ENUM_CONVERSION = YES;
				CLANG_WARN_INFINITE_RECURSION = YES;
				CLANG_WARN_INT_CONVERSION = YES;
				CLANG_WARN_OBJC_ROOT_CLASS = YES_ERROR;
				CLANG_WARN_SUSPICIOUS_MOVE = YES;
				CLANG_WARN_UNREACHABLE_CODE = YES;
				CLANG_WARN__DUPLICATE_METHOD_MATCH = YES;
				"CODE_SIGN_IDENTITY[sdk=iphoneos*]" = "iPhone Developer";
				COPY_PHASE_STRIP = NO;
				DEBUG_INFORMATION_FORMAT = dwarf;
				ENABLE_STRICT_OBJC_MSGSEND = YES;
				ENABLE_TESTABILITY = YES;
				GCC_C_LANGUAGE_STANDARD = gnu99;
				GCC_DYNAMIC_NO_PIC = NO;
				GCC_NO_COMMON_BLOCKS = YES;
				GCC_OPTIMIZATION_LEVEL = 0;
				GCC_PREPROCESSOR_DEFINITIONS = (
					"DEBUG=1",
					"$(inherited)",
				);
				GCC_WARN_64_TO_32_BIT_CONVERSION = YES;
				GCC_WARN_ABOUT_RETURN_TYPE = YES_ERROR;
				GCC_WARN_UNDECLARED_SELECTOR = YES;
				GCC_WARN_UNINITIALIZED_AUTOS = YES_AGGRESSIVE;
				GCC_WARN_UNUSED_FUNCTION = YES;
				GCC_WARN_UNUSED_VARIABLE = YES;
				IPHONEOS_DEPLOYMENT_TARGET = 10.3;
				MTL_ENABLE_DEBUG_INFO = YES;
				ONLY_ACTIVE_ARCH = YES;
				SDKROOT = iphoneos;
				SWIFT_ACTIVE_COMPILATION_CONDITIONS = DEBUG;
				SWIFT_OPTIMIZATION_LEVEL = "-Onone";
			};
			name = Debug;
		};
		4802C48F1F007B4A0044A4BE /* Release */ = {
			isa = XCBuildConfiguration;
			buildSettings = {
				ALWAYS_SEARCH_USER_PATHS = NO;
				CLANG_ANALYZER_NONNULL = YES;
				CLANG_ANALYZER_NUMBER_OBJECT_CONVERSION = YES_AGGRESSIVE;
				CLANG_CXX_LANGUAGE_STANDARD = "gnu++0x";
				CLANG_CXX_LIBRARY = "libc++";
				CLANG_ENABLE_MODULES = YES;
				CLANG_ENABLE_OBJC_ARC = YES;
				CLANG_WARN_BOOL_CONVERSION = YES;
				CLANG_WARN_CONSTANT_CONVERSION = YES;
				CLANG_WARN_DIRECT_OBJC_ISA_USAGE = YES_ERROR;
				CLANG_WARN_DOCUMENTATION_COMMENTS = YES;
				CLANG_WARN_EMPTY_BODY = YES;
				CLANG_WARN_ENUM_CONVERSION = YES;
				CLANG_WARN_INFINITE_RECURSION = YES;
				CLANG_WARN_INT_CONVERSION = YES;
				CLANG_WARN_OBJC_ROOT_CLASS = YES_ERROR;
				CLANG_WARN_SUSPICIOUS_MOVE = YES;
				CLANG_WARN_UNREACHABLE_CODE = YES;
				CLANG_WARN__DUPLICATE_METHOD_MATCH = YES;
				"CODE_SIGN_IDENTITY[sdk=iphoneos*]" = "iPhone Developer";
				COPY_PHASE_STRIP = NO;
				DEBUG_INFORMATION_FORMAT = "dwarf-with-dsym";
				ENABLE_NS_ASSERTIONS = NO;
				ENABLE_STRICT_OBJC_MSGSEND = YES;
				GCC_C_LANGUAGE_STANDARD = gnu99;
				GCC_NO_COMMON_BLOCKS = YES;
				GCC_WARN_64_TO_32_BIT_CONVERSION = YES;
				GCC_WARN_ABOUT_RETURN_TYPE = YES_ERROR;
				GCC_WARN_UNDECLARED_SELECTOR = YES;
				GCC_WARN_UNINITIALIZED_AUTOS = YES_AGGRESSIVE;
				GCC_WARN_UNUSED_FUNCTION = YES;
				GCC_WARN_UNUSED_VARIABLE = YES;
				IPHONEOS_DEPLOYMENT_TARGET = 10.3;
				MTL_ENABLE_DEBUG_INFO = NO;
				SDKROOT = iphoneos;
				SWIFT_OPTIMIZATION_LEVEL = "-Owholemodule";
				VALIDATE_PRODUCT = YES;
			};
			name = Release;
		};
		4802C4911F007B4A0044A4BE /* Debug */ = {
			isa = XCBuildConfiguration;
			buildSettings = {
				ASSETCATALOG_COMPILER_APPICON_NAME = AppIcon;
				DEVELOPMENT_TEAM = N4FU4A3L3Z;
				INFOPLIST_FILE = bLE/Info.plist;
				IPHONEOS_DEPLOYMENT_TARGET = 10.0;
				LD_RUNPATH_SEARCH_PATHS = "$(inherited) @executable_path/Frameworks";
				PRODUCT_BUNDLE_IDENTIFIER = nahdravog.p.bLE;
				PRODUCT_NAME = "$(TARGET_NAME)";
				SWIFT_VERSION = 3.0;
			};
			name = Debug;
		};
		4802C4921F007B4A0044A4BE /* Release */ = {
			isa = XCBuildConfiguration;
			buildSettings = {
				ASSETCATALOG_COMPILER_APPICON_NAME = AppIcon;
				DEVELOPMENT_TEAM = N4FU4A3L3Z;
				INFOPLIST_FILE = bLE/Info.plist;
				IPHONEOS_DEPLOYMENT_TARGET = 10.0;
				LD_RUNPATH_SEARCH_PATHS = "$(inherited) @executable_path/Frameworks";
				PRODUCT_BUNDLE_IDENTIFIER = nahdravog.p.bLE;
				PRODUCT_NAME = "$(TARGET_NAME)";
				SWIFT_VERSION = 3.0;
			};
			name = Release;
		};
/* End XCBuildConfiguration section */

/* Begin XCConfigurationList section */
		4802C4791F007B4A0044A4BE /* Build configuration list for PBXProject "bLE" */ = {
			isa = XCConfigurationList;
			buildConfigurations = (
				4802C48E1F007B4A0044A4BE /* Debug */,
				4802C48F1F007B4A0044A4BE /* Release */,
			);
			defaultConfigurationIsVisible = 0;
			defaultConfigurationName = Release;
		};
		4802C4901F007B4A0044A4BE /* Build configuration list for PBXNativeTarget "bLE" */ = {
			isa = XCConfigurationList;
			buildConfigurations = (
				4802C4911F007B4A0044A4BE /* Debug */,
				4802C4921F007B4A0044A4BE /* Release */,
			);
			defaultConfigurationIsVisible = 0;
			defaultConfigurationName = Release;
		};
/* End XCConfigurationList section */
	};
	rootObject = 4802C4761F007B4A0044A4BE /* Project object */;
}
